
Microsoft Visual Studio Solution File, Format Version 12.00
# Visual Studio Version 16
VisualStudioVersion = 16.0.29424.173
MinimumVisualStudioVersion = 10.0.40219.1
Project("{9A19103F-16F7-4668-BE54-9A1E7A4F7556}") = "LjWebApplication", "LjWebApplication\LjWebApplication.csproj", "{7C5084D6-84C7-4C00-9A79-9ADCD116D9A9}"
EndProject
Project("{FAE04EC0-301F-11D3-BF4B-00C04F79EFBC}") = "LjData", "LjData\LjData.csproj", "{B0406803-82EE-4AF4-ACDC-21C27C87EF60}"
EndProject
Project("{FAE04EC0-301F-11D3-BF4B-00C04F79EFBC}") = "LjDataAccess", "LjDataAccess\LjDataAccess.csproj", "{A0EA38F1-FCD1-4A68-85B0-32927077F63F}"
EndProject
Global
	GlobalSection(SolutionConfigurationPlatforms) = preSolution
		Debug|Any CPU = Debug|Any CPU
		Release|Any CPU = Release|Any CPU
	EndGlobalSection
	GlobalSection(ProjectConfigurationPlatforms) = postSolution
		{7C5084D6-84C7-4C00-9A79-9ADCD116D9A9}.Debug|Any CPU.ActiveCfg = Debug|Any CPU
		{7C5084D6-84C7-4C00-9A79-9ADCD116D9A9}.Debug|Any CPU.Build.0 = Debug|Any CPU
		{7C5084D6-84C7-4C00-9A79-9ADCD116D9A9}.Release|Any CPU.ActiveCfg = Release|Any CPU
		{7C5084D6-84C7-4C00-9A79-9ADCD116D9A9}.Release|Any CPU.Build.0 = Release|Any CPU
		{B0406803-82EE-4AF4-ACDC-21C27C87EF60}.Debug|Any CPU.ActiveCfg = Debug|Any CPU
		{B0406803-82EE-4AF4-ACDC-21C27C87EF60}.Debug|Any CPU.Build.0 = Debug|Any CPU
		{B0406803-82EE-4AF4-ACDC-21C27C87EF60}.Release|Any CPU.ActiveCfg = Release|Any CPU
		{B0406803-82EE-4AF4-ACDC-21C27C87EF60}.Release|Any CPU.Build.0 = Release|Any CPU
		{A0EA38F1-FCD1-4A68-85B0-32927077F63F}.Debug|Any CPU.ActiveCfg = Debug|Any CPU
		{A0EA38F1-FCD1-4A68-85B0-32927077F63F}.Debug|Any CPU.Build.0 = Debug|Any CPU
		{A0EA38F1-FCD1-4A68-85B0-32927077F63F}.Release|Any CPU.ActiveCfg = Release|Any CPU
		{A0EA38F1-FCD1-4A68-85B0-32927077F63F}.Release|Any CPU.Build.0 = Release|Any CPU
	EndGlobalSection
	GlobalSection(SolutionProperties) = preSolution
		HideSolutionNode = FALSE
	EndGlobalSection
	GlobalSection(ExtensibilityGlobals) = postSolution
		SolutionGuid = {E57F3287-D4AE-4858-B142-A12F7DCFD7BE}
	EndGlobalSection
EndGlobal
